{
  "nodes": {
    "flake-utils": {
      "locked": {
        "lastModified": 1678901627,
        "narHash": "sha256-U02riOqrKKzwjsxc/400XnElV+UtPUQWpANPlyazjH0=",
        "owner": "numtide",
        "repo": "flake-utils",
        "rev": "93a2b84fc4b70d9e089d029deacc3583435c2ed6",
        "type": "github"
      },
      "original": {
        "owner": "numtide",
        "repo": "flake-utils",
        "type": "github"
      }
    },
    "nixpkgs": {
      "locked": {
        "lastModified": 1718490232,
        "narHash": "sha256-0Fh3aJZuTJVmiiKY/5SyvHlfhZ3HeZTDUQnd+Fx6/Qo=",
        "owner": "NixOS",
        "repo": "nixpkgs",
        "rev": "ede5282c487a1fd2de64303ba59adad6726f1225",
        "type": "github"
      },
      "original": {
        "owner": "NixOS",
        "repo": "nixpkgs",
        "rev": "ede5282c487a1fd2de64303ba59adad6726f1225",
        "type": "github"
      }
    },
    "root": {
      "inputs": {
        "flake-utils": "flake-utils",
        "nixpkgs": "nixpkgs",
        "static-haskell-nix": "static-haskell-nix"
      }
    },
    "static-haskell-nix": {
      "flake": false,
      "locked": {
        "lastModified": 1719753784,
        "narHash": "sha256-Dg8ZXzTJ5wbxa8uc1MnAv4TuOfua2S6+wMUtu7m64dQ=",
        "owner": "nh2",
        "repo": "static-haskell-nix",
        "rev": "d0f4678948b0e128e73ca4f5232b936bc02e38ef",
        "type": "github"
      },
      "original": {
        "owner": "nh2",
        "ref": "fp/fix-callPackage-dynamic-executables",
        "repo": "static-haskell-nix",
        "type": "github"
      }
    }
  },
  "root": "root",
  "version": 7
}
